
Microsoft Visual Studio Solution File, Format Version 12.00
# Visual Studio Version 17
VisualStudioVersion = 17.8.34601.278
MinimumVisualStudioVersion = 10.0.40219.1
Project("{FAE04EC0-301F-11D3-BF4B-00C04F79EFBC}") = "ImageSender", "ImageSender.csproj", "{AACBA0E6-085D-4EFD-B201-15093356319A}"
EndProject
Global
	GlobalSection(SolutionConfigurationPlatforms) = preSolution
		Debug|Any CPU = Debug|Any CPU
		Release|Any CPU = Release|Any CPU
	EndGlobalSection
	GlobalSection(ProjectConfigurationPlatforms) = postSolution
		{AACBA0E6-085D-4EFD-B201-15093356319A}.Debug|Any CPU.ActiveCfg = Debug|Any CPU
		{AACBA0E6-085D-4EFD-B201-15093356319A}.Debug|Any CPU.Build.0 = Debug|Any CPU
		{AACBA0E6-085D-4EFD-B201-15093356319A}.Release|Any CPU.ActiveCfg = Release|Any CPU
		{AACBA0E6-085D-4EFD-B201-15093356319A}.Release|Any CPU.Build.0 = Release|Any CPU
	EndGlobalSection
	GlobalSection(SolutionProperties) = preSolution
		HideSolutionNode = FALSE
	EndGlobalSection
	GlobalSection(ExtensibilityGlobals) = postSolution
		SolutionGuid = {C7ADA1D1-E88C-4151-8B87-BDD70204307F}
	EndGlobalSection
EndGlobal
